
Microsoft Visual Studio Solution File, Format Version 12.00
# Visual Studio 15
VisualStudioVersion = 15.0.26430.15
MinimumVisualStudioVersion = 10.0.40219.1
Project("{FAE04EC0-301F-11D3-BF4B-00C04F79EFBC}") = "BreezeCommon", "BreezeCommon\BreezeCommon.csproj", "{6EFC9DC0-6555-48A0-9724-D4B7CE4BC366}"
EndProject
Project("{FAE04EC0-301F-11D3-BF4B-00C04F79EFBC}") = "BreezeCommon.Tests", "BreezeCommon.Tests\BreezeCommon.Tests.csproj", "{2C83BBC3-64CF-4B28-852E-911A733C9672}"
EndProject
Global
	GlobalSection(SolutionConfigurationPlatforms) = preSolution
		Debug|Any CPU = Debug|Any CPU
		Release|Any CPU = Release|Any CPU
	EndGlobalSection
	GlobalSection(ProjectConfigurationPlatforms) = postSolution
		{6EFC9DC0-6555-48A0-9724-D4B7CE4BC366}.Debug|Any CPU.ActiveCfg = Debug|Any CPU
		{6EFC9DC0-6555-48A0-9724-D4B7CE4BC366}.Debug|Any CPU.Build.0 = Debug|Any CPU
		{6EFC9DC0-6555-48A0-9724-D4B7CE4BC366}.Release|Any CPU.ActiveCfg = Release|Any CPU
		{6EFC9DC0-6555-48A0-9724-D4B7CE4BC366}.Release|Any CPU.Build.0 = Release|Any CPU
		{2C83BBC3-64CF-4B28-852E-911A733C9672}.Debug|Any CPU.ActiveCfg = Debug|Any CPU
		{2C83BBC3-64CF-4B28-852E-911A733C9672}.Debug|Any CPU.Build.0 = Debug|Any CPU
		{2C83BBC3-64CF-4B28-852E-911A733C9672}.Release|Any CPU.ActiveCfg = Release|Any CPU
		{2C83BBC3-64CF-4B28-852E-911A733C9672}.Release|Any CPU.Build.0 = Release|Any CPU
	EndGlobalSection
	GlobalSection(SolutionProperties) = preSolution
		HideSolutionNode = FALSE
	EndGlobalSection
EndGlobal
