
Microsoft Visual Studio Solution File, Format Version 12.00
# Visual Studio 15
VisualStudioVersion = 15.0.27004.2005
MinimumVisualStudioVersion = 10.0.40219.1
Project("{9A19103F-16F7-4668-BE54-9A1E7A4F7556}") = "BreezeCommon", "BreezeCommon\BreezeCommon.csproj", "{6EFC9DC0-6555-48A0-9724-D4B7CE4BC366}"
EndProject
Project("{9A19103F-16F7-4668-BE54-9A1E7A4F7556}") = "BreezeCommon.Tests", "BreezeCommon.Tests\BreezeCommon.Tests.csproj", "{2C83BBC3-64CF-4B28-852E-911A733C9672}"
EndProject
Project("{2150E333-8FDC-42A3-9474-1A3956D46DE8}") = "Solution Items", "Solution Items", "{805B10D3-7B3D-4B85-B14D-F2AE89071D71}"
	ProjectSection(SolutionItems) = preProject
		appveyor.yml = appveyor.yml
	EndProjectSection
EndProject
Project("{9A19103F-16F7-4668-BE54-9A1E7A4F7556}") = "NTumbleBit", "NTumbleBit\NTumbleBit.csproj", "{52E8CBAF-587C-4864-9C2E-73DABE64878B}"
EndProject
Project("{9A19103F-16F7-4668-BE54-9A1E7A4F7556}") = "NTumbleBit.Tests", "NTumbleBit.Tests\NTumbleBit.Tests.csproj", "{8545E6DC-BCB6-4D02-A3CB-3964F82A71DC}"
EndProject
Project("{9A19103F-16F7-4668-BE54-9A1E7A4F7556}") = "Breeze.Registration", "Breeze.Registration\Breeze.Registration.csproj", "{48AE1752-EE4A-4D37-B62D-423F60EAC2A4}"
EndProject
Project("{9A19103F-16F7-4668-BE54-9A1E7A4F7556}") = "Breeze.TumbleBit.Client", "Breeze.TumbleBit.Client\Breeze.TumbleBit.Client.csproj", "{724F9B3E-3058-41B9-B62F-4825D16EA880}"
EndProject
Project("{9A19103F-16F7-4668-BE54-9A1E7A4F7556}") = "Breeze.Daemon", "Breeze\src\Breeze.Daemon\Breeze.Daemon.csproj", "{BA039DF6-530D-4DF0-9824-655FE6DDCDB6}"
EndProject
Project("{9A19103F-16F7-4668-BE54-9A1E7A4F7556}") = "Stratis.Bitcoin", "StratisBitcoinFullNode\src\Stratis.Bitcoin\Stratis.Bitcoin.csproj", "{985DBF91-C115-4A12-8655-2E5426D14028}"
EndProject
Project("{9A19103F-16F7-4668-BE54-9A1E7A4F7556}") = "NBitcoin", "StratisBitcoinFullNode\src\NBitcoin\NBitcoin.csproj", "{1AE3A13B-1060-42FA-AE1C-2D9A89619A1D}"
EndProject
Project("{9A19103F-16F7-4668-BE54-9A1E7A4F7556}") = "Stratis.Bitcoin.Features.Api", "StratisBitcoinFullNode\src\Stratis.Bitcoin.Features.Api\Stratis.Bitcoin.Features.Api.csproj", "{0FB12D1F-1CC3-4B6D-8A16-9A6366615E01}"
EndProject
Project("{9A19103F-16F7-4668-BE54-9A1E7A4F7556}") = "Stratis.Bitcoin.Features.BlockStore", "StratisBitcoinFullNode\src\Stratis.Bitcoin.Features.BlockStore\Stratis.Bitcoin.Features.BlockStore.csproj", "{2D20FDB7-44E4-445A-B26C-3DF7E089E0B1}"
EndProject
Project("{9A19103F-16F7-4668-BE54-9A1E7A4F7556}") = "Stratis.Bitcoin.Features.Consensus", "StratisBitcoinFullNode\src\Stratis.Bitcoin.Features.Consensus\Stratis.Bitcoin.Features.Consensus.csproj", "{6BCAB779-655D-4377-918D-281D4B15BDEA}"
EndProject
Project("{9A19103F-16F7-4668-BE54-9A1E7A4F7556}") = "Stratis.Bitcoin.Features.LightWallet", "StratisBitcoinFullNode\src\Stratis.Bitcoin.Features.LightWallet\Stratis.Bitcoin.Features.LightWallet.csproj", "{5C38BB77-24C0-4CD3-9BF3-D39E2743BED2}"
EndProject
Project("{9A19103F-16F7-4668-BE54-9A1E7A4F7556}") = "Stratis.Bitcoin.Features.MemoryPool", "StratisBitcoinFullNode\src\Stratis.Bitcoin.Features.MemoryPool\Stratis.Bitcoin.Features.MemoryPool.csproj", "{62B8C009-49AC-4A1F-86A8-8DA02E1152BB}"
EndProject
Project("{9A19103F-16F7-4668-BE54-9A1E7A4F7556}") = "Stratis.Bitcoin.Features.Miner", "StratisBitcoinFullNode\src\Stratis.Bitcoin.Features.Miner\Stratis.Bitcoin.Features.Miner.csproj", "{16743BD7-90F2-472A-96F9-0286CE97F472}"
EndProject
Project("{9A19103F-16F7-4668-BE54-9A1E7A4F7556}") = "Stratis.Bitcoin.Features.RPC", "StratisBitcoinFullNode\src\Stratis.Bitcoin.Features.RPC\Stratis.Bitcoin.Features.RPC.csproj", "{103516E8-4C8D-44A7-8437-25CE5B37B9D4}"
EndProject
Project("{9A19103F-16F7-4668-BE54-9A1E7A4F7556}") = "Stratis.Bitcoin.Features.Wallet", "StratisBitcoinFullNode\src\Stratis.Bitcoin.Features.Wallet\Stratis.Bitcoin.Features.Wallet.csproj", "{B1820997-2C75-410E-8870-54BE8C7444F7}"
EndProject
Project("{9A19103F-16F7-4668-BE54-9A1E7A4F7556}") = "Stratis.Bitcoin.Features.WatchOnlyWallet", "StratisBitcoinFullNode\src\Stratis.Bitcoin.Features.WatchOnlyWallet\Stratis.Bitcoin.Features.WatchOnlyWallet.csproj", "{C6B59C4E-F7A4-4960-B955-44E544353199}"
EndProject
Project("{9A19103F-16F7-4668-BE54-9A1E7A4F7556}") = "Stratis.Bitcoin.Features.Notifications", "StratisBitcoinFullNode\src\Stratis.Bitcoin.Features.Notifications\Stratis.Bitcoin.Features.Notifications.csproj", "{BE5806B9-0FC5-4C97-971C-F17884BFEE54}"
EndProject
Global
	GlobalSection(SolutionConfigurationPlatforms) = preSolution
		Debug|Any CPU = Debug|Any CPU
		Release|Any CPU = Release|Any CPU
	EndGlobalSection
	GlobalSection(ProjectConfigurationPlatforms) = postSolution
		{6EFC9DC0-6555-48A0-9724-D4B7CE4BC366}.Debug|Any CPU.ActiveCfg = Debug|Any CPU
		{6EFC9DC0-6555-48A0-9724-D4B7CE4BC366}.Debug|Any CPU.Build.0 = Debug|Any CPU
		{6EFC9DC0-6555-48A0-9724-D4B7CE4BC366}.Release|Any CPU.ActiveCfg = Release|Any CPU
		{6EFC9DC0-6555-48A0-9724-D4B7CE4BC366}.Release|Any CPU.Build.0 = Release|Any CPU
		{2C83BBC3-64CF-4B28-852E-911A733C9672}.Debug|Any CPU.ActiveCfg = Debug|Any CPU
		{2C83BBC3-64CF-4B28-852E-911A733C9672}.Debug|Any CPU.Build.0 = Debug|Any CPU
		{2C83BBC3-64CF-4B28-852E-911A733C9672}.Release|Any CPU.ActiveCfg = Release|Any CPU
		{2C83BBC3-64CF-4B28-852E-911A733C9672}.Release|Any CPU.Build.0 = Release|Any CPU
		{52E8CBAF-587C-4864-9C2E-73DABE64878B}.Debug|Any CPU.ActiveCfg = Debug|Any CPU
		{52E8CBAF-587C-4864-9C2E-73DABE64878B}.Debug|Any CPU.Build.0 = Debug|Any CPU
		{52E8CBAF-587C-4864-9C2E-73DABE64878B}.Release|Any CPU.ActiveCfg = Release|Any CPU
		{52E8CBAF-587C-4864-9C2E-73DABE64878B}.Release|Any CPU.Build.0 = Release|Any CPU
		{8545E6DC-BCB6-4D02-A3CB-3964F82A71DC}.Debug|Any CPU.ActiveCfg = Debug|Any CPU
		{8545E6DC-BCB6-4D02-A3CB-3964F82A71DC}.Debug|Any CPU.Build.0 = Debug|Any CPU
		{8545E6DC-BCB6-4D02-A3CB-3964F82A71DC}.Release|Any CPU.ActiveCfg = Release|Any CPU
		{8545E6DC-BCB6-4D02-A3CB-3964F82A71DC}.Release|Any CPU.Build.0 = Release|Any CPU
		{48AE1752-EE4A-4D37-B62D-423F60EAC2A4}.Debug|Any CPU.ActiveCfg = Debug|Any CPU
		{48AE1752-EE4A-4D37-B62D-423F60EAC2A4}.Debug|Any CPU.Build.0 = Debug|Any CPU
		{48AE1752-EE4A-4D37-B62D-423F60EAC2A4}.Release|Any CPU.ActiveCfg = Release|Any CPU
		{48AE1752-EE4A-4D37-B62D-423F60EAC2A4}.Release|Any CPU.Build.0 = Release|Any CPU
		{724F9B3E-3058-41B9-B62F-4825D16EA880}.Debug|Any CPU.ActiveCfg = Debug|Any CPU
		{724F9B3E-3058-41B9-B62F-4825D16EA880}.Debug|Any CPU.Build.0 = Debug|Any CPU
		{724F9B3E-3058-41B9-B62F-4825D16EA880}.Release|Any CPU.ActiveCfg = Debug|Any CPU
		{724F9B3E-3058-41B9-B62F-4825D16EA880}.Release|Any CPU.Build.0 = Debug|Any CPU
		{BA039DF6-530D-4DF0-9824-655FE6DDCDB6}.Debug|Any CPU.ActiveCfg = Debug|Any CPU
		{BA039DF6-530D-4DF0-9824-655FE6DDCDB6}.Debug|Any CPU.Build.0 = Debug|Any CPU
		{BA039DF6-530D-4DF0-9824-655FE6DDCDB6}.Release|Any CPU.ActiveCfg = Release|Any CPU
		{BA039DF6-530D-4DF0-9824-655FE6DDCDB6}.Release|Any CPU.Build.0 = Release|Any CPU
		{985DBF91-C115-4A12-8655-2E5426D14028}.Debug|Any CPU.ActiveCfg = Debug|Any CPU
		{985DBF91-C115-4A12-8655-2E5426D14028}.Debug|Any CPU.Build.0 = Debug|Any CPU
		{985DBF91-C115-4A12-8655-2E5426D14028}.Release|Any CPU.ActiveCfg = Release|Any CPU
		{985DBF91-C115-4A12-8655-2E5426D14028}.Release|Any CPU.Build.0 = Release|Any CPU
		{1AE3A13B-1060-42FA-AE1C-2D9A89619A1D}.Debug|Any CPU.ActiveCfg = Debug|Any CPU
		{1AE3A13B-1060-42FA-AE1C-2D9A89619A1D}.Debug|Any CPU.Build.0 = Debug|Any CPU
		{1AE3A13B-1060-42FA-AE1C-2D9A89619A1D}.Release|Any CPU.ActiveCfg = Release|Any CPU
		{1AE3A13B-1060-42FA-AE1C-2D9A89619A1D}.Release|Any CPU.Build.0 = Release|Any CPU
		{0FB12D1F-1CC3-4B6D-8A16-9A6366615E01}.Debug|Any CPU.ActiveCfg = Debug|Any CPU
		{0FB12D1F-1CC3-4B6D-8A16-9A6366615E01}.Debug|Any CPU.Build.0 = Debug|Any CPU
		{0FB12D1F-1CC3-4B6D-8A16-9A6366615E01}.Release|Any CPU.ActiveCfg = Release|Any CPU
		{0FB12D1F-1CC3-4B6D-8A16-9A6366615E01}.Release|Any CPU.Build.0 = Release|Any CPU
		{2D20FDB7-44E4-445A-B26C-3DF7E089E0B1}.Debug|Any CPU.ActiveCfg = Debug|Any CPU
		{2D20FDB7-44E4-445A-B26C-3DF7E089E0B1}.Debug|Any CPU.Build.0 = Debug|Any CPU
		{2D20FDB7-44E4-445A-B26C-3DF7E089E0B1}.Release|Any CPU.ActiveCfg = Release|Any CPU
		{2D20FDB7-44E4-445A-B26C-3DF7E089E0B1}.Release|Any CPU.Build.0 = Release|Any CPU
		{6BCAB779-655D-4377-918D-281D4B15BDEA}.Debug|Any CPU.ActiveCfg = Debug|Any CPU
		{6BCAB779-655D-4377-918D-281D4B15BDEA}.Debug|Any CPU.Build.0 = Debug|Any CPU
		{6BCAB779-655D-4377-918D-281D4B15BDEA}.Release|Any CPU.ActiveCfg = Release|Any CPU
		{6BCAB779-655D-4377-918D-281D4B15BDEA}.Release|Any CPU.Build.0 = Release|Any CPU
		{5C38BB77-24C0-4CD3-9BF3-D39E2743BED2}.Debug|Any CPU.ActiveCfg = Debug|Any CPU
		{5C38BB77-24C0-4CD3-9BF3-D39E2743BED2}.Debug|Any CPU.Build.0 = Debug|Any CPU
		{5C38BB77-24C0-4CD3-9BF3-D39E2743BED2}.Release|Any CPU.ActiveCfg = Release|Any CPU
		{5C38BB77-24C0-4CD3-9BF3-D39E2743BED2}.Release|Any CPU.Build.0 = Release|Any CPU
		{62B8C009-49AC-4A1F-86A8-8DA02E1152BB}.Debug|Any CPU.ActiveCfg = Debug|Any CPU
		{62B8C009-49AC-4A1F-86A8-8DA02E1152BB}.Debug|Any CPU.Build.0 = Debug|Any CPU
		{62B8C009-49AC-4A1F-86A8-8DA02E1152BB}.Release|Any CPU.ActiveCfg = Release|Any CPU
		{62B8C009-49AC-4A1F-86A8-8DA02E1152BB}.Release|Any CPU.Build.0 = Release|Any CPU
		{16743BD7-90F2-472A-96F9-0286CE97F472}.Debug|Any CPU.ActiveCfg = Debug|Any CPU
		{16743BD7-90F2-472A-96F9-0286CE97F472}.Debug|Any CPU.Build.0 = Debug|Any CPU
		{16743BD7-90F2-472A-96F9-0286CE97F472}.Release|Any CPU.ActiveCfg = Release|Any CPU
		{16743BD7-90F2-472A-96F9-0286CE97F472}.Release|Any CPU.Build.0 = Release|Any CPU
		{103516E8-4C8D-44A7-8437-25CE5B37B9D4}.Debug|Any CPU.ActiveCfg = Debug|Any CPU
		{103516E8-4C8D-44A7-8437-25CE5B37B9D4}.Debug|Any CPU.Build.0 = Debug|Any CPU
		{103516E8-4C8D-44A7-8437-25CE5B37B9D4}.Release|Any CPU.ActiveCfg = Release|Any CPU
		{103516E8-4C8D-44A7-8437-25CE5B37B9D4}.Release|Any CPU.Build.0 = Release|Any CPU
		{B1820997-2C75-410E-8870-54BE8C7444F7}.Debug|Any CPU.ActiveCfg = Debug|Any CPU
		{B1820997-2C75-410E-8870-54BE8C7444F7}.Debug|Any CPU.Build.0 = Debug|Any CPU
		{B1820997-2C75-410E-8870-54BE8C7444F7}.Release|Any CPU.ActiveCfg = Release|Any CPU
		{B1820997-2C75-410E-8870-54BE8C7444F7}.Release|Any CPU.Build.0 = Release|Any CPU
		{C6B59C4E-F7A4-4960-B955-44E544353199}.Debug|Any CPU.ActiveCfg = Debug|Any CPU
		{C6B59C4E-F7A4-4960-B955-44E544353199}.Debug|Any CPU.Build.0 = Debug|Any CPU
		{C6B59C4E-F7A4-4960-B955-44E544353199}.Release|Any CPU.ActiveCfg = Release|Any CPU
		{C6B59C4E-F7A4-4960-B955-44E544353199}.Release|Any CPU.Build.0 = Release|Any CPU
		{BE5806B9-0FC5-4C97-971C-F17884BFEE54}.Debug|Any CPU.ActiveCfg = Debug|Any CPU
		{BE5806B9-0FC5-4C97-971C-F17884BFEE54}.Debug|Any CPU.Build.0 = Debug|Any CPU
		{BE5806B9-0FC5-4C97-971C-F17884BFEE54}.Release|Any CPU.ActiveCfg = Release|Any CPU
		{BE5806B9-0FC5-4C97-971C-F17884BFEE54}.Release|Any CPU.Build.0 = Release|Any CPU
	EndGlobalSection
	GlobalSection(SolutionProperties) = preSolution
		HideSolutionNode = FALSE
	EndGlobalSection
	GlobalSection(ExtensibilityGlobals) = postSolution
		SolutionGuid = {B930D52F-854E-425E-9E79-B72E4CD449E0}
	EndGlobalSection
EndGlobal
