
Microsoft Visual Studio Solution File, Format Version 12.00
# Visual Studio 15
VisualStudioVersion = 15.0.26430.12
MinimumVisualStudioVersion = 10.0.40219.1
Project("{2150E333-8FDC-42A3-9474-1A3956D46DE8}") = "global", "global", "{5B331FD3-D493-46A9-928B-B786FC6F3103}"
	ProjectSection(SolutionItems) = preProject
		.editorconfig = .editorconfig
		global.json = global.json
	EndProjectSection
EndProject
Project("{9A19103F-16F7-4668-BE54-9A1E7A4F7556}") = "Breeze.BreezeD", "Breeze.BreezeD\Breeze.BreezeD.csproj", "{34C17104-704E-4790-B398-D1F73CBEE31E}"
EndProject
Project("{9A19103F-16F7-4668-BE54-9A1E7A4F7556}") = "NTumbleBit", "NTumbleBit\NTumbleBit\NTumbleBit.csproj", "{A2355F14-C404-46A4-B070-E6EC18800AA0}"
EndProject
Project("{9A19103F-16F7-4668-BE54-9A1E7A4F7556}") = "NTumbleBit.Common", "NTumbleBit\NTumbleBit.Common\NTumbleBit.Common.csproj", "{B8177469-4B2D-4BF0-BD9A-B7CCFE4A3C5F}"
EndProject
Project("{9A19103F-16F7-4668-BE54-9A1E7A4F7556}") = "NTumbleBit.ClassicTumbler.Server.CLI", "NTumbleBit\NTumbleBit.ClassicTumbler.Server.CLI\NTumbleBit.ClassicTumbler.Server.CLI.csproj", "{C22A679F-BE97-4789-A2BE-17F6AF4A17AD}"
EndProject
Project("{FAE04EC0-301F-11D3-BF4B-00C04F79EFBC}") = "Breeze.BreezeD.Tests", "Breeze.BreezeD.Tests\Breeze.BreezeD.Tests.csproj", "{BDD4DC4D-89AD-45C1-8598-6F16BB87543C}"
EndProject
Global
	GlobalSection(SolutionConfigurationPlatforms) = preSolution
		Debug|Any CPU = Debug|Any CPU
		Release|Any CPU = Release|Any CPU
		Debug|x64 = Debug|x64
		Debug|x86 = Debug|x86
		Release|x64 = Release|x64
		Release|x86 = Release|x86
	EndGlobalSection
	GlobalSection(ProjectConfigurationPlatforms) = postSolution
		{A2355F14-C404-46A4-B070-E6EC18800AA0}.Debug|Any CPU.ActiveCfg = Debug|Any CPU
		{A2355F14-C404-46A4-B070-E6EC18800AA0}.Debug|Any CPU.Build.0 = Debug|Any CPU
		{A2355F14-C404-46A4-B070-E6EC18800AA0}.Release|Any CPU.ActiveCfg = Release|Any CPU
		{A2355F14-C404-46A4-B070-E6EC18800AA0}.Release|Any CPU.Build.0 = Release|Any CPU
		{B8177469-4B2D-4BF0-BD9A-B7CCFE4A3C5F}.Debug|Any CPU.ActiveCfg = Debug|Any CPU
		{B8177469-4B2D-4BF0-BD9A-B7CCFE4A3C5F}.Debug|Any CPU.Build.0 = Debug|Any CPU
		{B8177469-4B2D-4BF0-BD9A-B7CCFE4A3C5F}.Release|Any CPU.ActiveCfg = Release|Any CPU
		{B8177469-4B2D-4BF0-BD9A-B7CCFE4A3C5F}.Release|Any CPU.Build.0 = Release|Any CPU
		{C22A679F-BE97-4789-A2BE-17F6AF4A17AD}.Debug|Any CPU.ActiveCfg = Debug|Any CPU
		{C22A679F-BE97-4789-A2BE-17F6AF4A17AD}.Debug|Any CPU.Build.0 = Debug|Any CPU
		{C22A679F-BE97-4789-A2BE-17F6AF4A17AD}.Release|Any CPU.ActiveCfg = Release|Any CPU
		{C22A679F-BE97-4789-A2BE-17F6AF4A17AD}.Release|Any CPU.Build.0 = Release|Any CPU
		{34C17104-704E-4790-B398-D1F73CBEE31E}.Debug|Any CPU.ActiveCfg = Debug|Any CPU
		{34C17104-704E-4790-B398-D1F73CBEE31E}.Debug|Any CPU.Build.0 = Debug|Any CPU
		{34C17104-704E-4790-B398-D1F73CBEE31E}.Release|Any CPU.ActiveCfg = Release|Any CPU
		{34C17104-704E-4790-B398-D1F73CBEE31E}.Release|Any CPU.Build.0 = Release|Any CPU
		{BDD4DC4D-89AD-45C1-8598-6F16BB87543C}.Debug|Any CPU.ActiveCfg = Debug|Any CPU
		{BDD4DC4D-89AD-45C1-8598-6F16BB87543C}.Debug|Any CPU.Build.0 = Debug|Any CPU
		{BDD4DC4D-89AD-45C1-8598-6F16BB87543C}.Debug|x64.ActiveCfg = Debug|x64
		{BDD4DC4D-89AD-45C1-8598-6F16BB87543C}.Debug|x64.Build.0 = Debug|x64
		{BDD4DC4D-89AD-45C1-8598-6F16BB87543C}.Debug|x86.ActiveCfg = Debug|x86
		{BDD4DC4D-89AD-45C1-8598-6F16BB87543C}.Debug|x86.Build.0 = Debug|x86
		{BDD4DC4D-89AD-45C1-8598-6F16BB87543C}.Release|Any CPU.ActiveCfg = Release|Any CPU
		{BDD4DC4D-89AD-45C1-8598-6F16BB87543C}.Release|Any CPU.Build.0 = Release|Any CPU
		{BDD4DC4D-89AD-45C1-8598-6F16BB87543C}.Release|x64.ActiveCfg = Release|x64
		{BDD4DC4D-89AD-45C1-8598-6F16BB87543C}.Release|x64.Build.0 = Release|x64
		{BDD4DC4D-89AD-45C1-8598-6F16BB87543C}.Release|x86.ActiveCfg = Release|x86
		{BDD4DC4D-89AD-45C1-8598-6F16BB87543C}.Release|x86.Build.0 = Release|x86
		{26A793F6-D5A6-4483-9D83-D71BA4B65C26}.Debug|Any CPU.ActiveCfg = Debug|Any CPU
		{26A793F6-D5A6-4483-9D83-D71BA4B65C26}.Debug|Any CPU.Build.0 = Debug|Any CPU
		{26A793F6-D5A6-4483-9D83-D71BA4B65C26}.Debug|x64.ActiveCfg = Debug|x64
		{26A793F6-D5A6-4483-9D83-D71BA4B65C26}.Debug|x64.Build.0 = Debug|x64
		{26A793F6-D5A6-4483-9D83-D71BA4B65C26}.Debug|x86.ActiveCfg = Debug|x86
		{26A793F6-D5A6-4483-9D83-D71BA4B65C26}.Debug|x86.Build.0 = Debug|x86
		{26A793F6-D5A6-4483-9D83-D71BA4B65C26}.Release|Any CPU.ActiveCfg = Release|Any CPU
		{26A793F6-D5A6-4483-9D83-D71BA4B65C26}.Release|Any CPU.Build.0 = Release|Any CPU
		{26A793F6-D5A6-4483-9D83-D71BA4B65C26}.Release|x64.ActiveCfg = Release|x64
		{26A793F6-D5A6-4483-9D83-D71BA4B65C26}.Release|x64.Build.0 = Release|x64
		{26A793F6-D5A6-4483-9D83-D71BA4B65C26}.Release|x86.ActiveCfg = Release|x86
		{26A793F6-D5A6-4483-9D83-D71BA4B65C26}.Release|x86.Build.0 = Release|x86
	EndGlobalSection
	GlobalSection(SolutionProperties) = preSolution
		HideSolutionNode = FALSE
	EndGlobalSection
EndGlobal
