Microsoft Visual Studio Solution File, Format Version 12.00
# Visual Studio 15
VisualStudioVersion = 15.0.26430.15
MinimumVisualStudioVersion = 10.0.40219.1
Project("{2150E333-8FDC-42A3-9474-1A3956D46DE8}") = "global", "global", "{5B331FD3-D493-46A9-928B-B786FC6F3103}"
	ProjectSection(SolutionItems) = preProject
		.editorconfig = .editorconfig
		global.json = global.json
	EndProjectSection
EndProject
Project("{9A19103F-16F7-4668-BE54-9A1E7A4F7556}") = "Breeze.BreezeD", "Breeze.BreezeD\Breeze.BreezeD.csproj", "{34C17104-704E-4790-B398-D1F73CBEE31E}"
EndProject
Project("{9A19103F-16F7-4668-BE54-9A1E7A4F7556}") = "NTumbleBit", "NTumbleBit\NTumbleBit\NTumbleBit.csproj", "{A2355F14-C404-46A4-B070-E6EC18800AA0}"
EndProject
Project("{9A19103F-16F7-4668-BE54-9A1E7A4F7556}") = "NTumbleBit.ClassicTumbler.Server.CLI", "NTumbleBit\NTumbleBit.ClassicTumbler.Server.CLI\NTumbleBit.ClassicTumbler.Server.CLI.csproj", "{C22A679F-BE97-4789-A2BE-17F6AF4A17AD}"
EndProject
Project("{9A19103F-16F7-4668-BE54-9A1E7A4F7556}") = "Breeze.BreezeD.Tests", "Breeze.BreezeD.Tests\Breeze.BreezeD.Tests.csproj", "{BDD4DC4D-89AD-45C1-8598-6F16BB87543C}"
EndProject
Project("{9A19103F-16F7-4668-BE54-9A1E7A4F7556}") = "HashLib", "NStratis\Hashing\HashLib\HashLib.csproj", "{E2DA07DC-4A29-407A-84EF-66E821B50924}"
EndProject
Project("{9A19103F-16F7-4668-BE54-9A1E7A4F7556}") = "NBitcoin", "NStratis\NBitcoin\NBitcoin.csproj", "{887C7841-06B7-4319-A138-9B4C969D2B8E}"
EndProject
Global
	GlobalSection(SolutionConfigurationPlatforms) = preSolution
		Debug|Any CPU = Debug|Any CPU
		Debug|x64 = Debug|x64
		Debug|x86 = Debug|x86
		Release|Any CPU = Release|Any CPU
		Release|x64 = Release|x64
		Release|x86 = Release|x86
	EndGlobalSection
	GlobalSection(ProjectConfigurationPlatforms) = postSolution
		{34C17104-704E-4790-B398-D1F73CBEE31E}.Debug|Any CPU.ActiveCfg = Debug|Any CPU
		{34C17104-704E-4790-B398-D1F73CBEE31E}.Debug|Any CPU.Build.0 = Debug|Any CPU
		{34C17104-704E-4790-B398-D1F73CBEE31E}.Debug|x64.ActiveCfg = Debug|Any CPU
		{34C17104-704E-4790-B398-D1F73CBEE31E}.Debug|x64.Build.0 = Debug|Any CPU
		{34C17104-704E-4790-B398-D1F73CBEE31E}.Debug|x86.ActiveCfg = Debug|Any CPU
		{34C17104-704E-4790-B398-D1F73CBEE31E}.Debug|x86.Build.0 = Debug|Any CPU
		{34C17104-704E-4790-B398-D1F73CBEE31E}.Release|Any CPU.ActiveCfg = Release|Any CPU
		{34C17104-704E-4790-B398-D1F73CBEE31E}.Release|Any CPU.Build.0 = Release|Any CPU
		{34C17104-704E-4790-B398-D1F73CBEE31E}.Release|x64.ActiveCfg = Release|Any CPU
		{34C17104-704E-4790-B398-D1F73CBEE31E}.Release|x64.Build.0 = Release|Any CPU
		{34C17104-704E-4790-B398-D1F73CBEE31E}.Release|x86.ActiveCfg = Release|Any CPU
		{34C17104-704E-4790-B398-D1F73CBEE31E}.Release|x86.Build.0 = Release|Any CPU
		{A2355F14-C404-46A4-B070-E6EC18800AA0}.Debug|Any CPU.ActiveCfg = Debug|Any CPU
		{A2355F14-C404-46A4-B070-E6EC18800AA0}.Debug|Any CPU.Build.0 = Debug|Any CPU
		{A2355F14-C404-46A4-B070-E6EC18800AA0}.Debug|x64.ActiveCfg = Debug|Any CPU
		{A2355F14-C404-46A4-B070-E6EC18800AA0}.Debug|x64.Build.0 = Debug|Any CPU
		{A2355F14-C404-46A4-B070-E6EC18800AA0}.Debug|x86.ActiveCfg = Debug|Any CPU
		{A2355F14-C404-46A4-B070-E6EC18800AA0}.Debug|x86.Build.0 = Debug|Any CPU
		{A2355F14-C404-46A4-B070-E6EC18800AA0}.Release|Any CPU.ActiveCfg = Release|Any CPU
		{A2355F14-C404-46A4-B070-E6EC18800AA0}.Release|Any CPU.Build.0 = Release|Any CPU
		{A2355F14-C404-46A4-B070-E6EC18800AA0}.Release|x64.ActiveCfg = Release|Any CPU
		{A2355F14-C404-46A4-B070-E6EC18800AA0}.Release|x64.Build.0 = Release|Any CPU
		{A2355F14-C404-46A4-B070-E6EC18800AA0}.Release|x86.ActiveCfg = Release|Any CPU
		{A2355F14-C404-46A4-B070-E6EC18800AA0}.Release|x86.Build.0 = Release|Any CPU
		{C22A679F-BE97-4789-A2BE-17F6AF4A17AD}.Debug|Any CPU.ActiveCfg = Debug|Any CPU
		{C22A679F-BE97-4789-A2BE-17F6AF4A17AD}.Debug|Any CPU.Build.0 = Debug|Any CPU
		{C22A679F-BE97-4789-A2BE-17F6AF4A17AD}.Debug|x64.ActiveCfg = Debug|Any CPU
		{C22A679F-BE97-4789-A2BE-17F6AF4A17AD}.Debug|x64.Build.0 = Debug|Any CPU
		{C22A679F-BE97-4789-A2BE-17F6AF4A17AD}.Debug|x86.ActiveCfg = Debug|Any CPU
		{C22A679F-BE97-4789-A2BE-17F6AF4A17AD}.Debug|x86.Build.0 = Debug|Any CPU
		{C22A679F-BE97-4789-A2BE-17F6AF4A17AD}.Release|Any CPU.ActiveCfg = Release|Any CPU
		{C22A679F-BE97-4789-A2BE-17F6AF4A17AD}.Release|Any CPU.Build.0 = Release|Any CPU
		{C22A679F-BE97-4789-A2BE-17F6AF4A17AD}.Release|x64.ActiveCfg = Release|Any CPU
		{C22A679F-BE97-4789-A2BE-17F6AF4A17AD}.Release|x64.Build.0 = Release|Any CPU
		{C22A679F-BE97-4789-A2BE-17F6AF4A17AD}.Release|x86.ActiveCfg = Release|Any CPU
		{C22A679F-BE97-4789-A2BE-17F6AF4A17AD}.Release|x86.Build.0 = Release|Any CPU
		{BDD4DC4D-89AD-45C1-8598-6F16BB87543C}.Debug|Any CPU.ActiveCfg = Debug|Any CPU
		{BDD4DC4D-89AD-45C1-8598-6F16BB87543C}.Debug|Any CPU.Build.0 = Debug|Any CPU
		{BDD4DC4D-89AD-45C1-8598-6F16BB87543C}.Debug|x64.ActiveCfg = Debug|Any CPU
		{BDD4DC4D-89AD-45C1-8598-6F16BB87543C}.Debug|x64.Build.0 = Debug|Any CPU
		{BDD4DC4D-89AD-45C1-8598-6F16BB87543C}.Debug|x86.ActiveCfg = Debug|Any CPU
		{BDD4DC4D-89AD-45C1-8598-6F16BB87543C}.Debug|x86.Build.0 = Debug|Any CPU
		{BDD4DC4D-89AD-45C1-8598-6F16BB87543C}.Release|Any CPU.ActiveCfg = Release|Any CPU
		{BDD4DC4D-89AD-45C1-8598-6F16BB87543C}.Release|Any CPU.Build.0 = Release|Any CPU
		{BDD4DC4D-89AD-45C1-8598-6F16BB87543C}.Release|x64.ActiveCfg = Release|Any CPU
		{BDD4DC4D-89AD-45C1-8598-6F16BB87543C}.Release|x64.Build.0 = Release|Any CPU
		{BDD4DC4D-89AD-45C1-8598-6F16BB87543C}.Release|x86.ActiveCfg = Release|Any CPU
		{BDD4DC4D-89AD-45C1-8598-6F16BB87543C}.Release|x86.Build.0 = Release|Any CPU
		{E2DA07DC-4A29-407A-84EF-66E821B50924}.Debug|Any CPU.ActiveCfg = Debug|Any CPU
		{E2DA07DC-4A29-407A-84EF-66E821B50924}.Debug|Any CPU.Build.0 = Debug|Any CPU
		{E2DA07DC-4A29-407A-84EF-66E821B50924}.Debug|x64.ActiveCfg = Debug|Any CPU
		{E2DA07DC-4A29-407A-84EF-66E821B50924}.Debug|x64.Build.0 = Debug|Any CPU
		{E2DA07DC-4A29-407A-84EF-66E821B50924}.Debug|x86.ActiveCfg = Debug|Any CPU
		{E2DA07DC-4A29-407A-84EF-66E821B50924}.Debug|x86.Build.0 = Debug|Any CPU
		{E2DA07DC-4A29-407A-84EF-66E821B50924}.Release|Any CPU.ActiveCfg = Release|Any CPU
		{E2DA07DC-4A29-407A-84EF-66E821B50924}.Release|Any CPU.Build.0 = Release|Any CPU
		{E2DA07DC-4A29-407A-84EF-66E821B50924}.Release|x64.ActiveCfg = Release|Any CPU
		{E2DA07DC-4A29-407A-84EF-66E821B50924}.Release|x64.Build.0 = Release|Any CPU
		{E2DA07DC-4A29-407A-84EF-66E821B50924}.Release|x86.ActiveCfg = Release|Any CPU
		{E2DA07DC-4A29-407A-84EF-66E821B50924}.Release|x86.Build.0 = Release|Any CPU
		{887C7841-06B7-4319-A138-9B4C969D2B8E}.Debug|Any CPU.ActiveCfg = Debug|Any CPU
		{887C7841-06B7-4319-A138-9B4C969D2B8E}.Debug|Any CPU.Build.0 = Debug|Any CPU
		{887C7841-06B7-4319-A138-9B4C969D2B8E}.Debug|x64.ActiveCfg = Debug|Any CPU
		{887C7841-06B7-4319-A138-9B4C969D2B8E}.Debug|x64.Build.0 = Debug|Any CPU
		{887C7841-06B7-4319-A138-9B4C969D2B8E}.Debug|x86.ActiveCfg = Debug|Any CPU
		{887C7841-06B7-4319-A138-9B4C969D2B8E}.Debug|x86.Build.0 = Debug|Any CPU
		{887C7841-06B7-4319-A138-9B4C969D2B8E}.Release|Any CPU.ActiveCfg = Release|Any CPU
		{887C7841-06B7-4319-A138-9B4C969D2B8E}.Release|Any CPU.Build.0 = Release|Any CPU
		{887C7841-06B7-4319-A138-9B4C969D2B8E}.Release|x64.ActiveCfg = Release|Any CPU
		{887C7841-06B7-4319-A138-9B4C969D2B8E}.Release|x64.Build.0 = Release|Any CPU
		{887C7841-06B7-4319-A138-9B4C969D2B8E}.Release|x86.ActiveCfg = Release|Any CPU
		{887C7841-06B7-4319-A138-9B4C969D2B8E}.Release|x86.Build.0 = Release|Any CPU
	EndGlobalSection
	GlobalSection(SolutionProperties) = preSolution
		HideSolutionNode = FALSE
	EndGlobalSection
EndGlobal
