
Microsoft Visual Studio Solution File, Format Version 12.00
# Visual Studio 15
VisualStudioVersion = 15.0.26730.3
MinimumVisualStudioVersion = 10.0.40219.1
Project("{2150E333-8FDC-42A3-9474-1A3956D46DE8}") = "global", "global", "{2FF3130A-E8F3-4E0B-8733-B34C4A19910C}"
	ProjectSection(SolutionItems) = preProject
		.editorconfig = .editorconfig
		..\.travis.yml = ..\.travis.yml
		..\appveyor.yml = ..\appveyor.yml
		..\build.sh = ..\build.sh
		global.json = global.json
	EndProjectSection
EndProject
Project("{9A19103F-16F7-4668-BE54-9A1E7A4F7556}") = "Breeze.Daemon", "src\Breeze.Daemon\Breeze.Daemon.csproj", "{AAF6163B-1BE2-48CE-9F9F-577C6D7AAB8D}"
EndProject
Project("{9A19103F-16F7-4668-BE54-9A1E7A4F7556}") = "NTumbleBit", "..\BreezeCommon\BreezeProtocol\NTumbleBit\NTumbleBit.csproj", "{C5115995-8BFA-4EE4-964E-9FA05A0B24FF}"
EndProject
Project("{9A19103F-16F7-4668-BE54-9A1E7A4F7556}") = "Breeze.TumbleBit.Client", "..\Breeze.TumbleBit.Client\Breeze.TumbleBit.Client.csproj", "{AA3EBE85-CCC9-4618-9EC4-01F071AF92B4}"
EndProject
Project("{2150E333-8FDC-42A3-9474-1A3956D46DE8}") = "Alpha", "Alpha", "{2A35265F-9E1C-4C10-A87A-3DACA675CC06}"
EndProject
Project("{9A19103F-16F7-4668-BE54-9A1E7A4F7556}") = "Stratis.Bitcoin", "..\Alpha\Stratis.Bitcoin\Stratis.Bitcoin.csproj", "{70A129BA-8471-4EEE-963C-EDE94840D537}"
EndProject
Project("{9A19103F-16F7-4668-BE54-9A1E7A4F7556}") = "Stratis.Bitcoin.Api", "..\Alpha\Stratis.Bitcoin.Api\Stratis.Bitcoin.Api.csproj", "{B77B3029-8E69-4A25-9E96-89064A22EB0E}"
EndProject
Project("{9A19103F-16F7-4668-BE54-9A1E7A4F7556}") = "Stratis.Bitcoin.Common", "..\Alpha\Stratis.Bitcoin.Common\Stratis.Bitcoin.Common.csproj", "{CBC421DE-6B43-45EF-A357-573D21EAC162}"
EndProject
Project("{9A19103F-16F7-4668-BE54-9A1E7A4F7556}") = "Stratis.Bitcoin.Features.LightWallet", "..\Alpha\Stratis.Bitcoin.Features.LightWallet\Stratis.Bitcoin.Features.LightWallet.csproj", "{A82FEECB-7C68-442E-B399-B5D7C540D63F}"
EndProject
Global
	GlobalSection(SolutionConfigurationPlatforms) = preSolution
		Debug|Any CPU = Debug|Any CPU
		Release|Any CPU = Release|Any CPU
	EndGlobalSection
	GlobalSection(ProjectConfigurationPlatforms) = postSolution
		{AAF6163B-1BE2-48CE-9F9F-577C6D7AAB8D}.Debug|Any CPU.ActiveCfg = Debug|Any CPU
		{AAF6163B-1BE2-48CE-9F9F-577C6D7AAB8D}.Debug|Any CPU.Build.0 = Debug|Any CPU
		{AAF6163B-1BE2-48CE-9F9F-577C6D7AAB8D}.Release|Any CPU.ActiveCfg = Release|Any CPU
		{AAF6163B-1BE2-48CE-9F9F-577C6D7AAB8D}.Release|Any CPU.Build.0 = Release|Any CPU
		{C5115995-8BFA-4EE4-964E-9FA05A0B24FF}.Debug|Any CPU.ActiveCfg = Debug|Any CPU
		{C5115995-8BFA-4EE4-964E-9FA05A0B24FF}.Debug|Any CPU.Build.0 = Debug|Any CPU
		{C5115995-8BFA-4EE4-964E-9FA05A0B24FF}.Release|Any CPU.ActiveCfg = Release|Any CPU
		{C5115995-8BFA-4EE4-964E-9FA05A0B24FF}.Release|Any CPU.Build.0 = Release|Any CPU
		{AA3EBE85-CCC9-4618-9EC4-01F071AF92B4}.Debug|Any CPU.ActiveCfg = Debug|Any CPU
		{AA3EBE85-CCC9-4618-9EC4-01F071AF92B4}.Debug|Any CPU.Build.0 = Debug|Any CPU
		{AA3EBE85-CCC9-4618-9EC4-01F071AF92B4}.Release|Any CPU.ActiveCfg = Release|Any CPU
		{AA3EBE85-CCC9-4618-9EC4-01F071AF92B4}.Release|Any CPU.Build.0 = Release|Any CPU
		{70A129BA-8471-4EEE-963C-EDE94840D537}.Debug|Any CPU.ActiveCfg = Debug|Any CPU
		{70A129BA-8471-4EEE-963C-EDE94840D537}.Debug|Any CPU.Build.0 = Debug|Any CPU
		{70A129BA-8471-4EEE-963C-EDE94840D537}.Release|Any CPU.ActiveCfg = Release|Any CPU
		{70A129BA-8471-4EEE-963C-EDE94840D537}.Release|Any CPU.Build.0 = Release|Any CPU
		{B77B3029-8E69-4A25-9E96-89064A22EB0E}.Debug|Any CPU.ActiveCfg = Debug|Any CPU
		{B77B3029-8E69-4A25-9E96-89064A22EB0E}.Debug|Any CPU.Build.0 = Debug|Any CPU
		{B77B3029-8E69-4A25-9E96-89064A22EB0E}.Release|Any CPU.ActiveCfg = Release|Any CPU
		{B77B3029-8E69-4A25-9E96-89064A22EB0E}.Release|Any CPU.Build.0 = Release|Any CPU
		{CBC421DE-6B43-45EF-A357-573D21EAC162}.Debug|Any CPU.ActiveCfg = Debug|Any CPU
		{CBC421DE-6B43-45EF-A357-573D21EAC162}.Debug|Any CPU.Build.0 = Debug|Any CPU
		{CBC421DE-6B43-45EF-A357-573D21EAC162}.Release|Any CPU.ActiveCfg = Release|Any CPU
		{CBC421DE-6B43-45EF-A357-573D21EAC162}.Release|Any CPU.Build.0 = Release|Any CPU
		{A82FEECB-7C68-442E-B399-B5D7C540D63F}.Debug|Any CPU.ActiveCfg = Debug|Any CPU
		{A82FEECB-7C68-442E-B399-B5D7C540D63F}.Debug|Any CPU.Build.0 = Debug|Any CPU
		{A82FEECB-7C68-442E-B399-B5D7C540D63F}.Release|Any CPU.ActiveCfg = Release|Any CPU
		{A82FEECB-7C68-442E-B399-B5D7C540D63F}.Release|Any CPU.Build.0 = Release|Any CPU
	EndGlobalSection
	GlobalSection(SolutionProperties) = preSolution
		HideSolutionNode = FALSE
	EndGlobalSection
	GlobalSection(NestedProjects) = preSolution
		{70A129BA-8471-4EEE-963C-EDE94840D537} = {2A35265F-9E1C-4C10-A87A-3DACA675CC06}
		{B77B3029-8E69-4A25-9E96-89064A22EB0E} = {2A35265F-9E1C-4C10-A87A-3DACA675CC06}
		{CBC421DE-6B43-45EF-A357-573D21EAC162} = {2A35265F-9E1C-4C10-A87A-3DACA675CC06}
		{A82FEECB-7C68-442E-B399-B5D7C540D63F} = {2A35265F-9E1C-4C10-A87A-3DACA675CC06}
	EndGlobalSection
	GlobalSection(ExtensibilityGlobals) = postSolution
		SolutionGuid = {2429359B-A981-4C96-81BF-21C6234E4715}
	EndGlobalSection
EndGlobal
